// !$*UTF8*$!
{
	archiveVersion = 1;
	classes = {
	};
	objectVersion = 46;
	objects = {

/* Begin PBXBuildFile section */
		01165AD519E6103800CE3867 /* AppDelegate.swift in Sources */ = {isa = PBXBuildFile; fileRef = 01165AD419E6103800CE3867 /* AppDelegate.swift */; };
		01165AD719E6103800CE3867 /* ViewController.swift in Sources */ = {isa = PBXBuildFile; fileRef = 01165AD619E6103800CE3867 /* ViewController.swift */; };
		01165ADA19E6103800CE3867 /* Main.storyboard in Resources */ = {isa = PBXBuildFile; fileRef = 01165AD819E6103800CE3867 /* Main.storyboard */; };
		01165ADC19E6103800CE3867 /* Images.xcassets in Resources */ = {isa = PBXBuildFile; fileRef = 01165ADB19E6103800CE3867 /* Images.xcassets */; };
		01165ADF19E6103800CE3867 /* LaunchScreen.xib in Resources */ = {isa = PBXBuildFile; fileRef = 01165ADD19E6103800CE3867 /* LaunchScreen.xib */; };
		01165AEB19E6103800CE3867 /* StormyTests.swift in Sources */ = {isa = PBXBuildFile; fileRef = 01165AEA19E6103800CE3867 /* StormyTests.swift */; };
/* End PBXBuildFile section */

/* Begin PBXContainerItemProxy section */
		01165AE519E6103800CE3867 /* PBXContainerItemProxy */ = {
			isa = PBXContainerItemProxy;
			containerPortal = 01165AC719E6103800CE3867 /* Project object */;
			proxyType = 1;
			remoteGlobalIDString = 01165ACE19E6103800CE3867;
			remoteInfo = Stormy;
		};
/* End PBXContainerItemProxy section */

/* Begin PBXFileReference section */
		01165ACF19E6103800CE3867 /* Stormy.app */ = {isa = PBXFileReference; explicitFileType = wrapper.application; includeInIndex = 0; path = Stormy.app; sourceTree = BUILT_PRODUCTS_DIR; };
		01165AD319E6103800CE3867 /* Info.plist */ = {isa = PBXFileReference; lastKnownFileType = text.plist.xml; path = Info.plist; sourceTree = "<group>"; };
		01165AD419E6103800CE3867 /* AppDelegate.swift */ = {isa = PBXFileReference; lastKnownFileType = sourcecode.swift; path = AppDelegate.swift; sourceTree = "<group>"; };
		01165AD619E6103800CE3867 /* ViewController.swift */ = {isa = PBXFileReference; lastKnownFileType = sourcecode.swift; path = ViewController.swift; sourceTree = "<group>"; };
		01165AD919E6103800CE3867 /* Base */ = {isa = PBXFileReference; lastKnownFileType = file.storyboard; name = Base; path = Base.lproj/Main.storyboard; sourceTree = "<group>"; };
		01165ADB19E6103800CE3867 /* Images.xcassets */ = {isa = PBXFileReference; lastKnownFileType = folder.assetcatalog; path = Images.xcassets; sourceTree = "<group>"; };
		01165ADE19E6103800CE3867 /* Base */ = {isa = PBXFileReference; lastKnownFileType = file.xib; name = Base; path = Base.lproj/LaunchScreen.xib; sourceTree = "<group>"; };
		01165AE419E6103800CE3867 /* StormyTests.xctest */ = {isa = PBXFileReference; explicitFileType = wrapper.cfbundle; includeInIndex = 0; path = StormyTests.xctest; sourceTree = BUILT_PRODUCTS_DIR; };
		01165AE919E6103800CE3867 /* Info.plist */ = {isa = PBXFileReference; lastKnownFileType = text.plist.xml; path = Info.plist; sourceTree = "<group>"; };
		01165AEA19E6103800CE3867 /* StormyTests.swift */ = {isa = PBXFileReference; lastKnownFileType = sourcecode.swift; path = StormyTests.swift; sourceTree = "<group>"; };
/* End PBXFileReference section */

/* Begin PBXFrameworksBuildPhase section */
		01165ACC19E6103800CE3867 /* Frameworks */ = {
			isa = PBXFrameworksBuildPhase;
			buildActionMask = 2147483647;
			files = (
			);
			runOnlyForDeploymentPostprocessing = 0;
		};
		01165AE119E6103800CE3867 /* Frameworks */ = {
			isa = PBXFrameworksBuildPhase;
			buildActionMask = 2147483647;
			files = (
			);
			runOnlyForDeploymentPostprocessing = 0;
		};
/* End PBXFrameworksBuildPhase section */

/* Begin PBXGroup section */
		01165AC619E6103800CE3867 = {
			isa = PBXGroup;
			children = (
				01165AD119E6103800CE3867 /* Stormy */,
				01165AE719E6103800CE3867 /* StormyTests */,
				01165AD019E6103800CE3867 /* Products */,
			);
			sourceTree = "<group>";
		};
		01165AD019E6103800CE3867 /* Products */ = {
			isa = PBXGroup;
			children = (
				01165ACF19E6103800CE3867 /* Stormy.app */,
				01165AE419E6103800CE3867 /* StormyTests.xctest */,
			);
			name = Products;
			sourceTree = "<group>";
		};
		01165AD119E6103800CE3867 /* Stormy */ = {
			isa = PBXGroup;
			children = (
				01165AD419E6103800CE3867 /* AppDelegate.swift */,
				01165AD619E6103800CE3867 /* ViewController.swift */,
				01165AD819E6103800CE3867 /* Main.storyboard */,
				01165ADB19E6103800CE3867 /* Images.xcassets */,
				01165ADD19E6103800CE3867 /* LaunchScreen.xib */,
				01165AD219E6103800CE3867 /* Supporting Files */,
			);
			path = Stormy;
			sourceTree = "<group>";
		};
		01165AD219E6103800CE3867 /* Supporting Files */ = {
			isa = PBXGroup;
			children = (
				01165AD319E6103800CE3867 /* Info.plist */,
			);
			name = "Supporting Files";
			sourceTree = "<group>";
		};
		01165AE719E6103800CE3867 /* StormyTests */ = {
			isa = PBXGroup;
			children = (
				01165AEA19E6103800CE3867 /* StormyTests.swift */,
				01165AE819E6103800CE3867 /* Supporting Files */,
			);
			path = StormyTests;
			sourceTree = "<group>";
		};
		01165AE819E6103800CE3867 /* Supporting Files */ = {
			isa = PBXGroup;
			children = (
				01165AE919E6103800CE3867 /* Info.plist */,
			);
			name = "Supporting Files";
			sourceTree = "<group>";
		};
/* End PBXGroup section */

/* Begin PBXNativeTarget section */
		01165ACE19E6103800CE3867 /* Stormy */ = {
			isa = PBXNativeTarget;
			buildConfigurationList = 01165AEE19E6103800CE3867 /* Build configuration list for PBXNativeTarget "Stormy" */;
			buildPhases = (
				01165ACB19E6103800CE3867 /* Sources */,
				01165ACC19E6103800CE3867 /* Frameworks */,
				01165ACD19E6103800CE3867 /* Resources */,
			);
			buildRules = (
			);
			dependencies = (
			);
			name = Stormy;
			productName = Stormy;
			productReference = 01165ACF19E6103800CE3867 /* Stormy.app */;
			productType = "com.apple.product-type.application";
		};
		01165AE319E6103800CE3867 /* StormyTests */ = {
			isa = PBXNativeTarget;
			buildConfigurationList = 01165AF119E6103800CE3867 /* Build configuration list for PBXNativeTarget "StormyTests" */;
			buildPhases = (
				01165AE019E6103800CE3867 /* Sources */,
				01165AE119E6103800CE3867 /* Frameworks */,
				01165AE219E6103800CE3867 /* Resources */,
			);
			buildRules = (
			);
			dependencies = (
				01165AE619E6103800CE3867 /* PBXTargetDependency */,
			);
			name = StormyTests;
			productName = StormyTests;
			productReference = 01165AE419E6103800CE3867 /* StormyTests.xctest */;
			productType = "com.apple.product-type.bundle.unit-test";
		};
/* End PBXNativeTarget section */

/* Begin PBXProject section */
		01165AC719E6103800CE3867 /* Project object */ = {
			isa = PBXProject;
			attributes = {
				LastUpgradeCheck = 0610;
				ORGANIZATIONNAME = metafour.org;
				TargetAttributes = {
					01165ACE19E6103800CE3867 = {
						CreatedOnToolsVersion = 6.1;
					};
					01165AE319E6103800CE3867 = {
						CreatedOnToolsVersion = 6.1;
						TestTargetID = 01165ACE19E6103800CE3867;
					};
				};
			};
			buildConfigurationList = 01165ACA19E6103800CE3867 /* Build configuration list for PBXProject "Stormy" */;
			compatibilityVersion = "Xcode 3.2";
			developmentRegion = English;
			hasScannedForEncodings = 0;
			knownRegions = (
				en,
				Base,
			);
			mainGroup = 01165AC619E6103800CE3867;
			productRefGroup = 01165AD019E6103800CE3867 /* Products */;
			projectDirPath = "";
			projectRoot = "";
			targets = (
				01165ACE19E6103800CE3867 /* Stormy */,
				01165AE319E6103800CE3867 /* StormyTests */,
			);
		};
/* End PBXProject section */

/* Begin PBXResourcesBuildPhase section */
		01165ACD19E6103800CE3867 /* Resources */ = {
			isa = PBXResourcesBuildPhase;
			buildActionMask = 2147483647;
			files = (
				01165ADA19E6103800CE3867 /* Main.storyboard in Resources */,
				01165ADF19E6103800CE3867 /* LaunchScreen.xib in Resources */,
				01165ADC19E6103800CE3867 /* Images.xcassets in Resources */,
			);
			runOnlyForDeploymentPostprocessing = 0;
		};
		01165AE219E6103800CE3867 /* Resources */ = {
			isa = PBXResourcesBuildPhase;
			buildActionMask = 2147483647;
			files = (
			);
			runOnlyForDeploymentPostprocessing = 0;
		};
/* End PBXResourcesBuildPhase section */

/* Begin PBXSourcesBuildPhase section */
		01165ACB19E6103800CE3867 /* Sources */ = {
			isa = PBXSourcesBuildPhase;
			buildActionMask = 2147483647;
			files = (
				01165AD719E6103800CE3867 /* ViewController.swift in Sources */,
				01165AD519E6103800CE3867 /* AppDelegate.swift in Sources */,
			);
			runOnlyForDeploymentPostprocessing = 0;
		};
		01165AE019E6103800CE3867 /* Sources */ = {
			isa = PBXSourcesBuildPhase;
			buildActionMask = 2147483647;
			files = (
				01165AEB19E6103800CE3867 /* StormyTests.swift in Sources */,
			);
			runOnlyForDeploymentPostprocessing = 0;
		};
/* End PBXSourcesBuildPhase section */

/* Begin PBXTargetDependency section */
		01165AE619E6103800CE3867 /* PBXTargetDependency */ = {
			isa = PBXTargetDependency;
			target = 01165ACE19E6103800CE3867 /* Stormy */;
			targetProxy = 01165AE519E6103800CE3867 /* PBXContainerItemProxy */;
		};
/* End PBXTargetDependency section */

/* Begin PBXVariantGroup section */
		01165AD819E6103800CE3867 /* Main.storyboard */ = {
			isa = PBXVariantGroup;
			children = (
				01165AD919E6103800CE3867 /* Base */,
			);
			name = Main.storyboard;
			sourceTree = "<group>";
		};
		01165ADD19E6103800CE3867 /* LaunchScreen.xib */ = {
			isa = PBXVariantGroup;
			children = (
				01165ADE19E6103800CE3867 /* Base */,
			);
			name = LaunchScreen.xib;
			sourceTree = "<group>";
		};
/* End PBXVariantGroup section */

/* Begin XCBuildConfiguration section */
		01165AEC19E6103800CE3867 /* Debug */ = {
			isa = XCBuildConfiguration;
			buildSettings = {
				ALWAYS_SEARCH_USER_PATHS = NO;
				CLANG_CXX_LANGUAGE_STANDARD = "gnu++0x";
				CLANG_CXX_LIBRARY = "libc++";
				CLANG_ENABLE_MODULES = YES;
				CLANG_ENABLE_OBJC_ARC = YES;
				CLANG_WARN_BOOL_CONVERSION = YES;
				CLANG_WARN_CONSTANT_CONVERSION = YES;
				CLANG_WARN_DIRECT_OBJC_ISA_USAGE = YES_ERROR;
				CLANG_WARN_EMPTY_BODY = YES;
				CLANG_WARN_ENUM_CONVERSION = YES;
				CLANG_WARN_INT_CONVERSION = YES;
				CLANG_WARN_OBJC_ROOT_CLASS = YES_ERROR;
				CLANG_WARN_UNREACHABLE_CODE = YES;
				CLANG_WARN__DUPLICATE_METHOD_MATCH = YES;
				"CODE_SIGN_IDENTITY[sdk=iphoneos*]" = "iPhone Developer";
				COPY_PHASE_STRIP = NO;
				ENABLE_STRICT_OBJC_MSGSEND = YES;
				GCC_C_LANGUAGE_STANDARD = gnu99;
				GCC_DYNAMIC_NO_PIC = NO;
				GCC_OPTIMIZATION_LEVEL = 0;
				GCC_PREPROCESSOR_DEFINITIONS = (
					"DEBUG=1",
					"$(inherited)",
				);
				GCC_SYMBOLS_PRIVATE_EXTERN = NO;
				GCC_WARN_64_TO_32_BIT_CONVERSION = YES;
				GCC_WARN_ABOUT_RETURN_TYPE = YES_ERROR;
				GCC_WARN_UNDECLARED_SELECTOR = YES;
				GCC_WARN_UNINITIALIZED_AUTOS = YES_AGGRESSIVE;
				GCC_WARN_UNUSED_FUNCTION = YES;
				GCC_WARN_UNUSED_VARIABLE = YES;
				IPHONEOS_DEPLOYMENT_TARGET = 8.1;
				MTL_ENABLE_DEBUG_INFO = YES;
				ONLY_ACTIVE_ARCH = YES;
				SDKROOT = iphoneos;
				SWIFT_OPTIMIZATION_LEVEL = "-Onone";
			};
			name = Debug;
		};
		01165AED19E6103800CE3867 /* Release */ = {
			isa = XCBuildConfiguration;
			buildSettings = {
				ALWAYS_SEARCH_USER_PATHS = NO;
				CLANG_CXX_LANGUAGE_STANDARD = "gnu++0x";
				CLANG_CXX_LIBRARY = "libc++";
				CLANG_ENABLE_MODULES = YES;
				CLANG_ENABLE_OBJC_ARC = YES;
				CLANG_WARN_BOOL_CONVERSION = YES;
				CLANG_WARN_CONSTANT_CONVERSION = YES;
				CLANG_WARN_DIRECT_OBJC_ISA_USAGE = YES_ERROR;
				CLANG_WARN_EMPTY_BODY = YES;
				CLANG_WARN_ENUM_CONVERSION = YES;
				CLANG_WARN_INT_CONVERSION = YES;
				CLANG_WARN_OBJC_ROOT_CLASS = YES_ERROR;
				CLANG_WARN_UNREACHABLE_CODE = YES;
				CLANG_WARN__DUPLICATE_METHOD_MATCH = YES;
				"CODE_SIGN_IDENTITY[sdk=iphoneos*]" = "iPhone Developer";
				COPY_PHASE_STRIP = YES;
				ENABLE_NS_ASSERTIONS = NO;
				ENABLE_STRICT_OBJC_MSGSEND = YES;
				GCC_C_LANGUAGE_STANDARD = gnu99;
				GCC_WARN_64_TO_32_BIT_CONVERSION = YES;
				GCC_WARN_ABOUT_RETURN_TYPE = YES_ERROR;
				GCC_WARN_UNDECLARED_SELECTOR = YES;
				GCC_WARN_UNINITIALIZED_AUTOS = YES_AGGRESSIVE;
				GCC_WARN_UNUSED_FUNCTION = YES;
				GCC_WARN_UNUSED_VARIABLE = YES;
				IPHONEOS_DEPLOYMENT_TARGET = 8.1;
				MTL_ENABLE_DEBUG_INFO = NO;
				SDKROOT = iphoneos;
				VALIDATE_PRODUCT = YES;
			};
			name = Release;
		};
		01165AEF19E6103800CE3867 /* Debug */ = {
			isa = XCBuildConfiguration;
			buildSettings = {
				ASSETCATALOG_COMPILER_APPICON_NAME = AppIcon;
				INFOPLIST_FILE = Stormy/Info.plist;
				LD_RUNPATH_SEARCH_PATHS = "$(inherited) @executable_path/Frameworks";
				PRODUCT_NAME = "$(TARGET_NAME)";
			};
			name = Debug;
		};
		01165AF019E6103800CE3867 /* Release */ = {
			isa = XCBuildConfiguration;
			buildSettings = {
				ASSETCATALOG_COMPILER_APPICON_NAME = AppIcon;
				INFOPLIST_FILE = Stormy/Info.plist;
				LD_RUNPATH_SEARCH_PATHS = "$(inherited) @executable_path/Frameworks";
				PRODUCT_NAME = "$(TARGET_NAME)";
			};
			name = Release;
		};
		01165AF219E6103800CE3867 /* Debug */ = {
			isa = XCBuildConfiguration;
			buildSettings = {
				BUNDLE_LOADER = "$(TEST_HOST)";
				FRAMEWORK_SEARCH_PATHS = (
					"$(SDKROOT)/Developer/Library/Frameworks",
					"$(inherited)",
				);
				GCC_PREPROCESSOR_DEFINITIONS = (
					"DEBUG=1",
					"$(inherited)",
				);
				INFOPLIST_FILE = StormyTests/Info.plist;
				LD_RUNPATH_SEARCH_PATHS = "$(inherited) @executable_path/Frameworks @loader_path/Frameworks";
				PRODUCT_NAME = "$(TARGET_NAME)";
				TEST_HOST = "$(BUILT_PRODUCTS_DIR)/Stormy.app/Stormy";
			};
			name = Debug;
		};
		01165AF319E6103800CE3867 /* Release */ = {
			isa = XCBuildConfiguration;
			buildSettings = {
				BUNDLE_LOADER = "$(TEST_HOST)";
				FRAMEWORK_SEARCH_PATHS = (
					"$(SDKROOT)/Developer/Library/Frameworks",
					"$(inherited)",
				);
				INFOPLIST_FILE = StormyTests/Info.plist;
				LD_RUNPATH_SEARCH_PATHS = "$(inherited) @executable_path/Frameworks @loader_path/Frameworks";
				PRODUCT_NAME = "$(TARGET_NAME)";
				TEST_HOST = "$(BUILT_PRODUCTS_DIR)/Stormy.app/Stormy";
			};
			name = Release;
		};
/* End XCBuildConfiguration section */

/* Begin XCConfigurationList section */
		01165ACA19E6103800CE3867 /* Build configuration list for PBXProject "Stormy" */ = {
			isa = XCConfigurationList;
			buildConfigurations = (
				01165AEC19E6103800CE3867 /* Debug */,
				01165AED19E6103800CE3867 /* Release */,
			);
			defaultConfigurationIsVisible = 0;
			defaultConfigurationName = Release;
		};
		01165AEE19E6103800CE3867 /* Build configuration list for PBXNativeTarget "Stormy" */ = {
			isa = XCConfigurationList;
			buildConfigurations = (
				01165AEF19E6103800CE3867 /* Debug */,
				01165AF019E6103800CE3867 /* Release */,
			);
			defaultConfigurationIsVisible = 0;
		};
		01165AF119E6103800CE3867 /* Build configuration list for PBXNativeTarget "StormyTests" */ = {
			isa = XCConfigurationList;
			buildConfigurations = (
				01165AF219E6103800CE3867 /* Debug */,
				01165AF319E6103800CE3867 /* Release */,
			);
			defaultConfigurationIsVisible = 0;
		};
/* End XCConfigurationList section */
	};
	rootObject = 01165AC719E6103800CE3867 /* Project object */;
}
